
Microsoft Visual Studio Solution File, Format Version 12.00
# Visual Studio Version 17
VisualStudioVersion = 17.5.33414.496
MinimumVisualStudioVersion = 10.0.40219.1
Project("{FAE04EC0-301F-11D3-BF4B-00C04F79EFBC}") = "Vita", "Vita\Vita.csproj", "{0812BC50-BA90-4393-B161-45AC0AA05B9F}"
EndProject
Global
	GlobalSection(SolutionConfigurationPlatforms) = preSolution
		Debug|Any CPU = Debug|Any CPU
		Release|Any CPU = Release|Any CPU
	EndGlobalSection
	GlobalSection(ProjectConfigurationPlatforms) = postSolution
		{0812BC50-BA90-4393-B161-45AC0AA05B9F}.Debug|Any CPU.ActiveCfg = Debug|Any CPU
		{0812BC50-BA90-4393-B161-45AC0AA05B9F}.Debug|Any CPU.Build.0 = Debug|Any CPU
		{0812BC50-BA90-4393-B161-45AC0AA05B9F}.Release|Any CPU.ActiveCfg = Release|Any CPU
		{0812BC50-BA90-4393-B161-45AC0AA05B9F}.Release|Any CPU.Build.0 = Release|Any CPU
	EndGlobalSection
	GlobalSection(SolutionProperties) = preSolution
		HideSolutionNode = FALSE
	EndGlobalSection
	GlobalSection(ExtensibilityGlobals) = postSolution
		SolutionGuid = {B97AA2F2-EC29-4B33-8D16-6DD1FDD55870}
	EndGlobalSection
EndGlobal
